// !$*UTF8*$!
{
	archiveVersion = 1;
	classes = {
	};
	objectVersion = 46;
	objects = {

/* Begin PBXBuildFile section */
		1CFDE4661D4EEE5500ECEEDC /* AppDelegate.swift in Sources */ = {isa = PBXBuildFile; fileRef = 1CFDE4651D4EEE5500ECEEDC /* AppDelegate.swift */; };
		1CFDE4681D4EEE5500ECEEDC /* MasterViewController.swift in Sources */ = {isa = PBXBuildFile; fileRef = 1CFDE4671D4EEE5500ECEEDC /* MasterViewController.swift */; };
		1CFDE46A1D4EEE5500ECEEDC /* Detail1ViewController.swift in Sources */ = {isa = PBXBuildFile; fileRef = 1CFDE4691D4EEE5500ECEEDC /* Detail1ViewController.swift */; };
		1CFDE46D1D4EEE5500ECEEDC /* Main.storyboard in Resources */ = {isa = PBXBuildFile; fileRef = 1CFDE46B1D4EEE5500ECEEDC /* Main.storyboard */; };
		1CFDE46F1D4EEE5500ECEEDC /* Assets.xcassets in Resources */ = {isa = PBXBuildFile; fileRef = 1CFDE46E1D4EEE5500ECEEDC /* Assets.xcassets */; };
		1CFDE4721D4EEE5500ECEEDC /* LaunchScreen.storyboard in Resources */ = {isa = PBXBuildFile; fileRef = 1CFDE4701D4EEE5500ECEEDC /* LaunchScreen.storyboard */; };
		1CFDE47A1D4EEFB300ECEEDC /* Detail2ViewController.swift in Sources */ = {isa = PBXBuildFile; fileRef = 1CFDE4791D4EEFB300ECEEDC /* Detail2ViewController.swift */; };
/* End PBXBuildFile section */

/* Begin PBXFileReference section */
		1CFDE4621D4EEE5500ECEEDC /* TMMultiDetailSplitView.app */ = {isa = PBXFileReference; explicitFileType = wrapper.application; includeInIndex = 0; path = TMMultiDetailSplitView.app; sourceTree = BUILT_PRODUCTS_DIR; };
		1CFDE4651D4EEE5500ECEEDC /* AppDelegate.swift */ = {isa = PBXFileReference; lastKnownFileType = sourcecode.swift; path = AppDelegate.swift; sourceTree = "<group>"; };
		1CFDE4671D4EEE5500ECEEDC /* MasterViewController.swift */ = {isa = PBXFileReference; lastKnownFileType = sourcecode.swift; path = MasterViewController.swift; sourceTree = "<group>"; };
		1CFDE4691D4EEE5500ECEEDC /* Detail1ViewController.swift */ = {isa = PBXFileReference; lastKnownFileType = sourcecode.swift; path = Detail1ViewController.swift; sourceTree = "<group>"; };
		1CFDE46C1D4EEE5500ECEEDC /* Base */ = {isa = PBXFileReference; lastKnownFileType = file.storyboard; name = Base; path = Base.lproj/Main.storyboard; sourceTree = "<group>"; };
		1CFDE46E1D4EEE5500ECEEDC /* Assets.xcassets */ = {isa = PBXFileReference; lastKnownFileType = folder.assetcatalog; path = Assets.xcassets; sourceTree = "<group>"; };
		1CFDE4711D4EEE5500ECEEDC /* Base */ = {isa = PBXFileReference; lastKnownFileType = file.storyboard; name = Base; path = Base.lproj/LaunchScreen.storyboard; sourceTree = "<group>"; };
		1CFDE4731D4EEE5500ECEEDC /* Info.plist */ = {isa = PBXFileReference; lastKnownFileType = text.plist.xml; path = Info.plist; sourceTree = "<group>"; };
		1CFDE4791D4EEFB300ECEEDC /* Detail2ViewController.swift */ = {isa = PBXFileReference; fileEncoding = 4; lastKnownFileType = sourcecode.swift; path = Detail2ViewController.swift; sourceTree = "<group>"; };
/* End PBXFileReference section */

/* Begin PBXFrameworksBuildPhase section */
		1CFDE45F1D4EEE5500ECEEDC /* Frameworks */ = {
			isa = PBXFrameworksBuildPhase;
			buildActionMask = 2147483647;
			files = (
			);
			runOnlyForDeploymentPostprocessing = 0;
		};
/* End PBXFrameworksBuildPhase section */

/* Begin PBXGroup section */
		1CFDE4591D4EEE5500ECEEDC = {
			isa = PBXGroup;
			children = (
				1CFDE4641D4EEE5500ECEEDC /* TMMultiDetailSplitView */,
				1CFDE4631D4EEE5500ECEEDC /* Products */,
			);
			sourceTree = "<group>";
		};
		1CFDE4631D4EEE5500ECEEDC /* Products */ = {
			isa = PBXGroup;
			children = (
				1CFDE4621D4EEE5500ECEEDC /* TMMultiDetailSplitView.app */,
			);
			name = Products;
			sourceTree = "<group>";
		};
		1CFDE4641D4EEE5500ECEEDC /* TMMultiDetailSplitView */ = {
			isa = PBXGroup;
			children = (
				1CFDE4651D4EEE5500ECEEDC /* AppDelegate.swift */,
				1CFDE4671D4EEE5500ECEEDC /* MasterViewController.swift */,
				1CFDE4691D4EEE5500ECEEDC /* Detail1ViewController.swift */,
				1CFDE4791D4EEFB300ECEEDC /* Detail2ViewController.swift */,
				1CFDE46B1D4EEE5500ECEEDC /* Main.storyboard */,
				1CFDE46E1D4EEE5500ECEEDC /* Assets.xcassets */,
				1CFDE4701D4EEE5500ECEEDC /* LaunchScreen.storyboard */,
				1CFDE4731D4EEE5500ECEEDC /* Info.plist */,
			);
			path = TMMultiDetailSplitView;
			sourceTree = "<group>";
		};
/* End PBXGroup section */

/* Begin PBXNativeTarget section */
		1CFDE4611D4EEE5500ECEEDC /* TMMultiDetailSplitView */ = {
			isa = PBXNativeTarget;
			buildConfigurationList = 1CFDE4761D4EEE5500ECEEDC /* Build configuration list for PBXNativeTarget "TMMultiDetailSplitView" */;
			buildPhases = (
				1CFDE45E1D4EEE5500ECEEDC /* Sources */,
				1CFDE45F1D4EEE5500ECEEDC /* Frameworks */,
				1CFDE4601D4EEE5500ECEEDC /* Resources */,
			);
			buildRules = (
			);
			dependencies = (
			);
			name = TMMultiDetailSplitView;
			productName = TMMultiDetailSplitView;
			productReference = 1CFDE4621D4EEE5500ECEEDC /* TMMultiDetailSplitView.app */;
			productType = "com.apple.product-type.application";
		};
/* End PBXNativeTarget section */

/* Begin PBXProject section */
		1CFDE45A1D4EEE5500ECEEDC /* Project object */ = {
			isa = PBXProject;
			attributes = {
				LastSwiftUpdateCheck = 0800;
				LastUpgradeCheck = 0810;
				ORGANIZATIONNAME = "Travis Ma";
				TargetAttributes = {
					1CFDE4611D4EEE5500ECEEDC = {
						CreatedOnToolsVersion = 8.0;
						DevelopmentTeam = 457YD3ZJ66;
						DevelopmentTeamName = "Travis Ma";
						ProvisioningStyle = Automatic;
					};
				};
			};
			buildConfigurationList = 1CFDE45D1D4EEE5500ECEEDC /* Build configuration list for PBXProject "TMMultiDetailSplitView" */;
			compatibilityVersion = "Xcode 3.2";
			developmentRegion = English;
			hasScannedForEncodings = 0;
			knownRegions = (
				en,
				Base,
			);
			mainGroup = 1CFDE4591D4EEE5500ECEEDC;
			productRefGroup = 1CFDE4631D4EEE5500ECEEDC /* Products */;
			projectDirPath = "";
			projectRoot = "";
			targets = (
				1CFDE4611D4EEE5500ECEEDC /* TMMultiDetailSplitView */,
			);
		};
/* End PBXProject section */

/* Begin PBXResourcesBuildPhase section */
		1CFDE4601D4EEE5500ECEEDC /* Resources */ = {
			isa = PBXResourcesBuildPhase;
			buildActionMask = 2147483647;
			files = (
				1CFDE4721D4EEE5500ECEEDC /* LaunchScreen.storyboard in Resources */,
				1CFDE46F1D4EEE5500ECEEDC /* Assets.xcassets in Resources */,
				1CFDE46D1D4EEE5500ECEEDC /* Main.storyboard in Resources */,
			);
			runOnlyForDeploymentPostprocessing = 0;
		};
/* End PBXResourcesBuildPhase section */

/* Begin PBXSourcesBuildPhase section */
		1CFDE45E1D4EEE5500ECEEDC /* Sources */ = {
			isa = PBXSourcesBuildPhase;
			buildActionMask = 2147483647;
			files = (
				1CFDE46A1D4EEE5500ECEEDC /* Detail1ViewController.swift in Sources */,
				1CFDE4681D4EEE5500ECEEDC /* MasterViewController.swift in Sources */,
				1CFDE47A1D4EEFB300ECEEDC /* Detail2ViewController.swift in Sources */,
				1CFDE4661D4EEE5500ECEEDC /* AppDelegate.swift in Sources */,
			);
			runOnlyForDeploymentPostprocessing = 0;
		};
/* End PBXSourcesBuildPhase section */

/* Begin PBXVariantGroup section */
		1CFDE46B1D4EEE5500ECEEDC /* Main.storyboard */ = {
			isa = PBXVariantGroup;
			children = (
				1CFDE46C1D4EEE5500ECEEDC /* Base */,
			);
			name = Main.storyboard;
			sourceTree = "<group>";
		};
		1CFDE4701D4EEE5500ECEEDC /* LaunchScreen.storyboard */ = {
			isa = PBXVariantGroup;
			children = (
				1CFDE4711D4EEE5500ECEEDC /* Base */,
			);
			name = LaunchScreen.storyboard;
			sourceTree = "<group>";
		};
/* End PBXVariantGroup section */

/* Begin XCBuildConfiguration section */
		1CFDE4741D4EEE5500ECEEDC /* Debug */ = {
			isa = XCBuildConfiguration;
			buildSettings = {
				ALWAYS_SEARCH_USER_PATHS = NO;
				CLANG_ANALYZER_NONNULL = YES;
				CLANG_CXX_LANGUAGE_STANDARD = "gnu++0x";
				CLANG_CXX_LIBRARY = "libc++";
				CLANG_ENABLE_MODULES = YES;
				CLANG_ENABLE_OBJC_ARC = YES;
				CLANG_WARN_BOOL_CONVERSION = YES;
				CLANG_WARN_CONSTANT_CONVERSION = YES;
				CLANG_WARN_DIRECT_OBJC_ISA_USAGE = YES_ERROR;
				CLANG_WARN_DOCUMENTATION_COMMENTS = YES;
				CLANG_WARN_EMPTY_BODY = YES;
				CLANG_WARN_ENUM_CONVERSION = YES;
				CLANG_WARN_INFINITE_RECURSION = YES;
				CLANG_WARN_INT_CONVERSION = YES;
				CLANG_WARN_OBJC_ROOT_CLASS = YES_ERROR;
				CLANG_WARN_SUSPICIOUS_MOVE = YES;
				CLANG_WARN_UNREACHABLE_CODE = YES;
				CLANG_WARN__DUPLICATE_METHOD_MATCH = YES;
				"CODE_SIGN_IDENTITY[sdk=iphoneos*]" = "iPhone Developer";
				COPY_PHASE_STRIP = NO;
				DEBUG_INFORMATION_FORMAT = dwarf;
				ENABLE_STRICT_OBJC_MSGSEND = YES;
				ENABLE_TESTABILITY = YES;
				GCC_C_LANGUAGE_STANDARD = gnu99;
				GCC_DYNAMIC_NO_PIC = NO;
				GCC_NO_COMMON_BLOCKS = YES;
				GCC_OPTIMIZATION_LEVEL = 0;
				GCC_PREPROCESSOR_DEFINITIONS = (
					"DEBUG=1",
					"$(inherited)",
				);
				GCC_WARN_64_TO_32_BIT_CONVERSION = YES;
				GCC_WARN_ABOUT_RETURN_TYPE = YES_ERROR;
				GCC_WARN_UNDECLARED_SELECTOR = YES;
				GCC_WARN_UNINITIALIZED_AUTOS = YES_AGGRESSIVE;
				GCC_WARN_UNUSED_FUNCTION = YES;
				GCC_WARN_UNUSED_VARIABLE = YES;
				IPHONEOS_DEPLOYMENT_TARGET = 10.1;
				MTL_ENABLE_DEBUG_INFO = YES;
				ONLY_ACTIVE_ARCH = YES;
				SDKROOT = iphoneos;
				SWIFT_ACTIVE_COMPILATION_CONDITIONS = DEBUG;
				SWIFT_OPTIMIZATION_LEVEL = "-Onone";
			};
			name = Debug;
		};
		1CFDE4751D4EEE5500ECEEDC /* Release */ = {
			isa = XCBuildConfiguration;
			buildSettings = {
				ALWAYS_SEARCH_USER_PATHS = NO;
				CLANG_ANALYZER_NONNULL = YES;
				CLANG_CXX_LANGUAGE_STANDARD = "gnu++0x";
				CLANG_CXX_LIBRARY = "libc++";
				CLANG_ENABLE_MODULES = YES;
				CLANG_ENABLE_OBJC_ARC = YES;
				CLANG_WARN_BOOL_CONVERSION = YES;
				CLANG_WARN_CONSTANT_CONVERSION = YES;
				CLANG_WARN_DIRECT_OBJC_ISA_USAGE = YES_ERROR;
				CLANG_WARN_DOCUMENTATION_COMMENTS = YES;
				CLANG_WARN_EMPTY_BODY = YES;
				CLANG_WARN_ENUM_CONVERSION = YES;
				CLANG_WARN_INFINITE_RECURSION = YES;
				CLANG_WARN_INT_CONVERSION = YES;
				CLANG_WARN_OBJC_ROOT_CLASS = YES_ERROR;
				CLANG_WARN_SUSPICIOUS_MOVE = YES;
				CLANG_WARN_UNREACHABLE_CODE = YES;
				CLANG_WARN__DUPLICATE_METHOD_MATCH = YES;
				"CODE_SIGN_IDENTITY[sdk=iphoneos*]" = "iPhone Developer";
				COPY_PHASE_STRIP = NO;
				DEBUG_INFORMATION_FORMAT = "dwarf-with-dsym";
				ENABLE_NS_ASSERTIONS = NO;
				ENABLE_STRICT_OBJC_MSGSEND = YES;
				GCC_C_LANGUAGE_STANDARD = gnu99;
				GCC_NO_COMMON_BLOCKS = YES;
				GCC_WARN_64_TO_32_BIT_CONVERSION = YES;
				GCC_WARN_ABOUT_RETURN_TYPE = YES_ERROR;
				GCC_WARN_UNDECLARED_SELECTOR = YES;
				GCC_WARN_UNINITIALIZED_AUTOS = YES_AGGRESSIVE;
				GCC_WARN_UNUSED_FUNCTION = YES;
				GCC_WARN_UNUSED_VARIABLE = YES;
				IPHONEOS_DEPLOYMENT_TARGET = 10.1;
				MTL_ENABLE_DEBUG_INFO = NO;
				SDKROOT = iphoneos;
				SWIFT_OPTIMIZATION_LEVEL = "-Owholemodule";
				VALIDATE_PRODUCT = YES;
			};
			name = Release;
		};
		1CFDE4771D4EEE5500ECEEDC /* Debug */ = {
			isa = XCBuildConfiguration;
			buildSettings = {
				ASSETCATALOG_COMPILER_APPICON_NAME = AppIcon;
				INFOPLIST_FILE = TMMultiDetailSplitView/Info.plist;
				LD_RUNPATH_SEARCH_PATHS = "$(inherited) @executable_path/Frameworks";
				PRODUCT_BUNDLE_IDENTIFIER = com.travisma.TMMultiDetailSplitView;
				PRODUCT_NAME = "$(TARGET_NAME)";
				SWIFT_VERSION = 3.0;
				TARGETED_DEVICE_FAMILY = "1,2";
			};
			name = Debug;
		};
		1CFDE4781D4EEE5500ECEEDC /* Release */ = {
			isa = XCBuildConfiguration;
			buildSettings = {
				ASSETCATALOG_COMPILER_APPICON_NAME = AppIcon;
				INFOPLIST_FILE = TMMultiDetailSplitView/Info.plist;
				LD_RUNPATH_SEARCH_PATHS = "$(inherited) @executable_path/Frameworks";
				PRODUCT_BUNDLE_IDENTIFIER = com.travisma.TMMultiDetailSplitView;
				PRODUCT_NAME = "$(TARGET_NAME)";
				SWIFT_VERSION = 3.0;
				TARGETED_DEVICE_FAMILY = "1,2";
			};
			name = Release;
		};
/* End XCBuildConfiguration section */

/* Begin XCConfigurationList section */
		1CFDE45D1D4EEE5500ECEEDC /* Build configuration list for PBXProject "TMMultiDetailSplitView" */ = {
			isa = XCConfigurationList;
			buildConfigurations = (
				1CFDE4741D4EEE5500ECEEDC /* Debug */,
				1CFDE4751D4EEE5500ECEEDC /* Release */,
			);
			defaultConfigurationIsVisible = 0;
			defaultConfigurationName = Release;
		};
		1CFDE4761D4EEE5500ECEEDC /* Build configuration list for PBXNativeTarget "TMMultiDetailSplitView" */ = {
			isa = XCConfigurationList;
			buildConfigurations = (
				1CFDE4771D4EEE5500ECEEDC /* Debug */,
				1CFDE4781D4EEE5500ECEEDC /* Release */,
			);
			defaultConfigurationIsVisible = 0;
			defaultConfigurationName = Release;
		};
/* End XCConfigurationList section */
	};
	rootObject = 1CFDE45A1D4EEE5500ECEEDC /* Project object */;
}
